{
  "version": 4,
  "terraform_version": "1.0.0",
  "serial": 4,
  "lineage": "5ba1a21a-7d98-3e44-fddc-d366c0a421f4",
  "outputs": {},
  "resources": [
    {
      "mode": "managed",
      "type": "google_compute_instance",
      "name": "my_vm",
      "provider": "provider[\"registry.terraform.io/hashicorp/google\"]",
      "instances": [
        {
          "index_key": 0,
          "schema_version": 6,
          "attributes": {
            "advanced_machine_features": [],
            "allow_stopping_for_update": null,
            "attached_disk": [],
            "boot_disk": [
              {
                "auto_delete": true,
                "device_name": "persistent-disk-0",
                "disk_encryption_key_raw": "",
                "disk_encryption_key_sha256": "",
                "initialize_params": [
                  {
                    "image": "https://www.googleapis.com/compute/v1/projects/ubuntu-os-cloud/global/images/ubuntu-2004-focal-v20210603",
                    "labels": {},
                    "size": 10,
                    "type": "pd-standard"
                  }
                ],
                "kms_key_self_link": "",
                "mode": "READ_WRITE",
                "source": "https://www.googleapis.com/compute/v1/projects/playground-s-11-a05f9409/zones/asia-southeast1-b/disks/cka-k8s0"
              }
            ],
            "can_ip_forward": false,
            "confidential_instance_config": [],
            "cpu_platform": "Intel Broadwell",
            "current_status": "RUNNING",
            "deletion_protection": false,
            "description": "",
            "desired_status": null,
            "enable_display": false,
            "guest_accelerator": [],
            "hostname": "",
            "id": "projects/playground-s-11-a05f9409/zones/asia-southeast1-b/instances/cka-k8s0",
            "instance_id": "4979661132890108045",
            "label_fingerprint": "42WmSpB8rSM=",
            "labels": null,
            "machine_type": "n1-standard-2",
            "metadata": {
              "ssh-keys": "andi:ssh-rsa AAAAB3NzaC1yc2EAAAABJQAAAQEAvDwxb7QwyBJ3RSp3ffTyqONka7BiMycMgWh77Vxg2ts6OiAGiPTmVzOb1pcumYw0YU9+VtO4hdhQPZRrdIH7WypIGTXmLgZcFXiL34wBxFRr58sqg7ET1gEER77euaW2f1/zKSgJmx2tQ1PvYRXSTlSwtqQbrv7Ebio8vggD3kXlJWwPSXh8ihSezuyyAlT/UEpN8GsQ0zCTnd/DF85vGazGDiyClWbaXM6aOSvxyxoEm1hcGLYebTsPeBpeGOgjbXKLPUZrN7VWqHZQZULZtLLYQdz7E0wTfw01/KmxkIZ5fzt16cPEWr1UUmIpU411+dA9y8quI7rN2Z2FaGJgBQ== andi"
            },
            "metadata_fingerprint": "qYgpS4Safik=",
            "metadata_startup_script": "sudo apt-get update; sudo apt-get install -yq ansible",
            "min_cpu_platform": "",
            "name": "cka-k8s0",
            "network_interface": [
              {
                "access_config": [
                  {
                    "nat_ip": "35.240.160.236",
                    "network_tier": "PREMIUM",
                    "public_ptr_domain_name": ""
                  }
                ],
                "alias_ip_range": [],
                "name": "nic0",
                "network": "https://www.googleapis.com/compute/v1/projects/playground-s-11-a05f9409/global/networks/default",
                "network_ip": "10.148.0.2",
                "nic_type": "",
                "subnetwork": "https://www.googleapis.com/compute/v1/projects/playground-s-11-a05f9409/regions/asia-southeast1/subnetworks/default",
                "subnetwork_project": "playground-s-11-a05f9409"
              }
            ],
            "project": "playground-s-11-a05f9409",
            "reservation_affinity": [],
            "resource_policies": null,
            "scheduling": [
              {
                "automatic_restart": true,
                "min_node_cpus": 0,
                "node_affinities": [],
                "on_host_maintenance": "MIGRATE",
                "preemptible": false
              }
            ],
            "scratch_disk": [],
            "self_link": "https://www.googleapis.com/compute/v1/projects/playground-s-11-a05f9409/zones/asia-southeast1-b/instances/cka-k8s0",
            "service_account": [],
            "shielded_instance_config": [
              {
                "enable_integrity_monitoring": true,
                "enable_secure_boot": false,
                "enable_vtpm": true
              }
            ],
            "tags": null,
            "tags_fingerprint": "42WmSpB8rSM=",
            "timeouts": null,
            "zone": "asia-southeast1-b"
          },
          "sensitive_attributes": [],
          "private": "eyJlMmJmYjczMC1lY2FhLTExZTYtOGY4OC0zNDM2M2JjN2M0YzAiOnsiY3JlYXRlIjoxMjAwMDAwMDAwMDAwLCJkZWxldGUiOjEyMDAwMDAwMDAwMDAsInVwZGF0ZSI6MTIwMDAwMDAwMDAwMH0sInNjaGVtYV92ZXJzaW9uIjoiNiJ9"
        },
        {
          "index_key": 1,
          "schema_version": 6,
          "attributes": {
            "advanced_machine_features": [],
            "allow_stopping_for_update": null,
            "attached_disk": [],
            "boot_disk": [
              {
                "auto_delete": true,
                "device_name": "persistent-disk-0",
                "disk_encryption_key_raw": "",
                "disk_encryption_key_sha256": "",
                "initialize_params": [
                  {
                    "image": "https://www.googleapis.com/compute/v1/projects/ubuntu-os-cloud/global/images/ubuntu-2004-focal-v20210603",
                    "labels": {},
                    "size": 10,
                    "type": "pd-standard"
                  }
                ],
                "kms_key_self_link": "",
                "mode": "READ_WRITE",
                "source": "https://www.googleapis.com/compute/v1/projects/playground-s-11-a05f9409/zones/asia-southeast1-b/disks/cka-k8s1"
              }
            ],
            "can_ip_forward": false,
            "confidential_instance_config": [],
            "cpu_platform": "Intel Broadwell",
            "current_status": "RUNNING",
            "deletion_protection": false,
            "description": "",
            "desired_status": null,
            "enable_display": false,
            "guest_accelerator": [],
            "hostname": "",
            "id": "projects/playground-s-11-a05f9409/zones/asia-southeast1-b/instances/cka-k8s1",
            "instance_id": "8971201487782539405",
            "label_fingerprint": "42WmSpB8rSM=",
            "labels": null,
            "machine_type": "n1-standard-2",
            "metadata": {
              "ssh-keys": "andi:ssh-rsa AAAAB3NzaC1yc2EAAAABJQAAAQEAvDwxb7QwyBJ3RSp3ffTyqONka7BiMycMgWh77Vxg2ts6OiAGiPTmVzOb1pcumYw0YU9+VtO4hdhQPZRrdIH7WypIGTXmLgZcFXiL34wBxFRr58sqg7ET1gEER77euaW2f1/zKSgJmx2tQ1PvYRXSTlSwtqQbrv7Ebio8vggD3kXlJWwPSXh8ihSezuyyAlT/UEpN8GsQ0zCTnd/DF85vGazGDiyClWbaXM6aOSvxyxoEm1hcGLYebTsPeBpeGOgjbXKLPUZrN7VWqHZQZULZtLLYQdz7E0wTfw01/KmxkIZ5fzt16cPEWr1UUmIpU411+dA9y8quI7rN2Z2FaGJgBQ== andi"
            },
            "metadata_fingerprint": "qYgpS4Safik=",
            "metadata_startup_script": "sudo apt-get update; sudo apt-get install -yq ansible",
            "min_cpu_platform": "",
            "name": "cka-k8s1",
            "network_interface": [
              {
                "access_config": [
                  {
                    "nat_ip": "35.240.240.249",
                    "network_tier": "PREMIUM",
                    "public_ptr_domain_name": ""
                  }
                ],
                "alias_ip_range": [],
                "name": "nic0",
                "network": "https://www.googleapis.com/compute/v1/projects/playground-s-11-a05f9409/global/networks/default",
                "network_ip": "10.148.0.3",
                "nic_type": "",
                "subnetwork": "https://www.googleapis.com/compute/v1/projects/playground-s-11-a05f9409/regions/asia-southeast1/subnetworks/default",
                "subnetwork_project": "playground-s-11-a05f9409"
              }
            ],
            "project": "playground-s-11-a05f9409",
            "reservation_affinity": [],
            "resource_policies": null,
            "scheduling": [
              {
                "automatic_restart": true,
                "min_node_cpus": 0,
                "node_affinities": [],
                "on_host_maintenance": "MIGRATE",
                "preemptible": false
              }
            ],
            "scratch_disk": [],
            "self_link": "https://www.googleapis.com/compute/v1/projects/playground-s-11-a05f9409/zones/asia-southeast1-b/instances/cka-k8s1",
            "service_account": [],
            "shielded_instance_config": [
              {
                "enable_integrity_monitoring": true,
                "enable_secure_boot": false,
                "enable_vtpm": true
              }
            ],
            "tags": null,
            "tags_fingerprint": "42WmSpB8rSM=",
            "timeouts": null,
            "zone": "asia-southeast1-b"
          },
          "sensitive_attributes": [],
          "private": "eyJlMmJmYjczMC1lY2FhLTExZTYtOGY4OC0zNDM2M2JjN2M0YzAiOnsiY3JlYXRlIjoxMjAwMDAwMDAwMDAwLCJkZWxldGUiOjEyMDAwMDAwMDAwMDAsInVwZGF0ZSI6MTIwMDAwMDAwMDAwMH0sInNjaGVtYV92ZXJzaW9uIjoiNiJ9"
        },
        {
          "index_key": 2,
          "schema_version": 6,
          "attributes": {
            "advanced_machine_features": [],
            "allow_stopping_for_update": null,
            "attached_disk": [],
            "boot_disk": [
              {
                "auto_delete": true,
                "device_name": "persistent-disk-0",
                "disk_encryption_key_raw": "",
                "disk_encryption_key_sha256": "",
                "initialize_params": [
                  {
                    "image": "https://www.googleapis.com/compute/v1/projects/ubuntu-os-cloud/global/images/ubuntu-2004-focal-v20210603",
                    "labels": {},
                    "size": 10,
                    "type": "pd-standard"
                  }
                ],
                "kms_key_self_link": "",
                "mode": "READ_WRITE",
                "source": "https://www.googleapis.com/compute/v1/projects/playground-s-11-a05f9409/zones/asia-southeast1-b/disks/cka-k8s2"
              }
            ],
            "can_ip_forward": false,
            "confidential_instance_config": [],
            "cpu_platform": "Intel Broadwell",
            "current_status": "RUNNING",
            "deletion_protection": false,
            "description": "",
            "desired_status": null,
            "enable_display": false,
            "guest_accelerator": [],
            "hostname": "",
            "id": "projects/playground-s-11-a05f9409/zones/asia-southeast1-b/instances/cka-k8s2",
            "instance_id": "2971682047048544397",
            "label_fingerprint": "42WmSpB8rSM=",
            "labels": null,
            "machine_type": "n1-standard-2",
            "metadata": {
              "ssh-keys": "andi:ssh-rsa AAAAB3NzaC1yc2EAAAABJQAAAQEAvDwxb7QwyBJ3RSp3ffTyqONka7BiMycMgWh77Vxg2ts6OiAGiPTmVzOb1pcumYw0YU9+VtO4hdhQPZRrdIH7WypIGTXmLgZcFXiL34wBxFRr58sqg7ET1gEER77euaW2f1/zKSgJmx2tQ1PvYRXSTlSwtqQbrv7Ebio8vggD3kXlJWwPSXh8ihSezuyyAlT/UEpN8GsQ0zCTnd/DF85vGazGDiyClWbaXM6aOSvxyxoEm1hcGLYebTsPeBpeGOgjbXKLPUZrN7VWqHZQZULZtLLYQdz7E0wTfw01/KmxkIZ5fzt16cPEWr1UUmIpU411+dA9y8quI7rN2Z2FaGJgBQ== andi"
            },
            "metadata_fingerprint": "qYgpS4Safik=",
            "metadata_startup_script": "sudo apt-get update; sudo apt-get install -yq ansible",
            "min_cpu_platform": "",
            "name": "cka-k8s2",
            "network_interface": [
              {
                "access_config": [
                  {
                    "nat_ip": "35.198.248.12",
                    "network_tier": "PREMIUM",
                    "public_ptr_domain_name": ""
                  }
                ],
                "alias_ip_range": [],
                "name": "nic0",
                "network": "https://www.googleapis.com/compute/v1/projects/playground-s-11-a05f9409/global/networks/default",
                "network_ip": "10.148.0.4",
                "nic_type": "",
                "subnetwork": "https://www.googleapis.com/compute/v1/projects/playground-s-11-a05f9409/regions/asia-southeast1/subnetworks/default",
                "subnetwork_project": "playground-s-11-a05f9409"
              }
            ],
            "project": "playground-s-11-a05f9409",
            "reservation_affinity": [],
            "resource_policies": null,
            "scheduling": [
              {
                "automatic_restart": true,
                "min_node_cpus": 0,
                "node_affinities": [],
                "on_host_maintenance": "MIGRATE",
                "preemptible": false
              }
            ],
            "scratch_disk": [],
            "self_link": "https://www.googleapis.com/compute/v1/projects/playground-s-11-a05f9409/zones/asia-southeast1-b/instances/cka-k8s2",
            "service_account": [],
            "shielded_instance_config": [
              {
                "enable_integrity_monitoring": true,
                "enable_secure_boot": false,
                "enable_vtpm": true
              }
            ],
            "tags": null,
            "tags_fingerprint": "42WmSpB8rSM=",
            "timeouts": null,
            "zone": "asia-southeast1-b"
          },
          "sensitive_attributes": [],
          "private": "eyJlMmJmYjczMC1lY2FhLTExZTYtOGY4OC0zNDM2M2JjN2M0YzAiOnsiY3JlYXRlIjoxMjAwMDAwMDAwMDAwLCJkZWxldGUiOjEyMDAwMDAwMDAwMDAsInVwZGF0ZSI6MTIwMDAwMDAwMDAwMH0sInNjaGVtYV92ZXJzaW9uIjoiNiJ9"
        }
      ]
    }
  ]
}
